// !$*UTF8*$!
{
	archiveVersion = 1;
	classes = {
	};
	objectVersion = 56;
	objects = {

/* Begin PBXBuildFile section */
		5DC3AF9528FA014100487FE6 /* AppDelegate.swift in Sources */ = {isa = PBXBuildFile; fileRef = 5DC3AF9428FA014100487FE6 /* AppDelegate.swift */; };
		5DC3AF9728FA014100487FE6 /* SceneDelegate.swift in Sources */ = {isa = PBXBuildFile; fileRef = 5DC3AF9628FA014100487FE6 /* SceneDelegate.swift */; };
		5DC3AF9928FA014100487FE6 /* ArticlesView.swift in Sources */ = {isa = PBXBuildFile; fileRef = 5DC3AF9828FA014100487FE6 /* ArticlesView.swift */; };
		5DC3AF9C28FA014100487FE6 /* Main.storyboard in Resources */ = {isa = PBXBuildFile; fileRef = 5DC3AF9A28FA014100487FE6 /* Main.storyboard */; };
		5DC3AF9E28FA014300487FE6 /* Assets.xcassets in Resources */ = {isa = PBXBuildFile; fileRef = 5DC3AF9D28FA014300487FE6 /* Assets.xcassets */; };
		5DC3AFA128FA014300487FE6 /* LaunchScreen.storyboard in Resources */ = {isa = PBXBuildFile; fileRef = 5DC3AF9F28FA014300487FE6 /* LaunchScreen.storyboard */; };
		5DC3AFAC28FA014300487FE6 /* NewsAPITests.swift in Sources */ = {isa = PBXBuildFile; fileRef = 5DC3AFAB28FA014300487FE6 /* NewsAPITests.swift */; };
		5DC3AFB628FA014300487FE6 /* NewsAPIUITests.swift in Sources */ = {isa = PBXBuildFile; fileRef = 5DC3AFB528FA014300487FE6 /* NewsAPIUITests.swift */; };
		5DC3AFB828FA014300487FE6 /* NewsAPIUITestsLaunchTests.swift in Sources */ = {isa = PBXBuildFile; fileRef = 5DC3AFB728FA014300487FE6 /* NewsAPIUITestsLaunchTests.swift */; };
		5DC3AFC528FA01CB00487FE6 /* Connector.swift in Sources */ = {isa = PBXBuildFile; fileRef = 5DC3AFC428FA01CB00487FE6 /* Connector.swift */; };
		5DC3AFC928FA024D00487FE6 /* Article.swift in Sources */ = {isa = PBXBuildFile; fileRef = 5DC3AFC828FA024D00487FE6 /* Article.swift */; };
		5DC3AFCD28FA075B00487FE6 /* ArticleCell.swift in Sources */ = {isa = PBXBuildFile; fileRef = 5DC3AFCB28FA075B00487FE6 /* ArticleCell.swift */; };
		5DC3AFCE28FA075B00487FE6 /* ArticleCell.xib in Resources */ = {isa = PBXBuildFile; fileRef = 5DC3AFCC28FA075B00487FE6 /* ArticleCell.xib */; };
		5DC3AFD228FA092300487FE6 /* ArticlesView+ViewModel.swift in Sources */ = {isa = PBXBuildFile; fileRef = 5DC3AFD128FA092300487FE6 /* ArticlesView+ViewModel.swift */; };
		702F41F4BDBD95CBC7B43C95 /* Pods_NewsAPI_NewsAPIUITests.framework in Frameworks */ = {isa = PBXBuildFile; fileRef = 34EA0DB7285E6B51525E1229 /* Pods_NewsAPI_NewsAPIUITests.framework */; };
		B058E078D08A2F7D4B0D032B /* Pods_NewsAPITests.framework in Frameworks */ = {isa = PBXBuildFile; fileRef = DCBBAFC3AF812574127C6174 /* Pods_NewsAPITests.framework */; };
		D47E8F99EA290735327CC55E /* Pods_NewsAPI.framework in Frameworks */ = {isa = PBXBuildFile; fileRef = 91A52F73592125A3804DA0F4 /* Pods_NewsAPI.framework */; };
/* End PBXBuildFile section */

/* Begin PBXContainerItemProxy section */
		5DC3AFA828FA014300487FE6 /* PBXContainerItemProxy */ = {
			isa = PBXContainerItemProxy;
			containerPortal = 5DC3AF8928FA014100487FE6 /* Project object */;
			proxyType = 1;
			remoteGlobalIDString = 5DC3AF9028FA014100487FE6;
			remoteInfo = NewsAPI;
		};
		5DC3AFB228FA014300487FE6 /* PBXContainerItemProxy */ = {
			isa = PBXContainerItemProxy;
			containerPortal = 5DC3AF8928FA014100487FE6 /* Project object */;
			proxyType = 1;
			remoteGlobalIDString = 5DC3AF9028FA014100487FE6;
			remoteInfo = NewsAPI;
		};
/* End PBXContainerItemProxy section */

/* Begin PBXFileReference section */
		34EA0DB7285E6B51525E1229 /* Pods_NewsAPI_NewsAPIUITests.framework */ = {isa = PBXFileReference; explicitFileType = wrapper.framework; includeInIndex = 0; path = Pods_NewsAPI_NewsAPIUITests.framework; sourceTree = BUILT_PRODUCTS_DIR; };
		482C856839AACDC71E8828F0 /* Pods-NewsAPI.debug.xcconfig */ = {isa = PBXFileReference; includeInIndex = 1; lastKnownFileType = text.xcconfig; name = "Pods-NewsAPI.debug.xcconfig"; path = "Target Support Files/Pods-NewsAPI/Pods-NewsAPI.debug.xcconfig"; sourceTree = "<group>"; };
		5DC3AF9128FA014100487FE6 /* NewsAPI.app */ = {isa = PBXFileReference; explicitFileType = wrapper.application; includeInIndex = 0; path = NewsAPI.app; sourceTree = BUILT_PRODUCTS_DIR; };
		5DC3AF9428FA014100487FE6 /* AppDelegate.swift */ = {isa = PBXFileReference; lastKnownFileType = sourcecode.swift; path = AppDelegate.swift; sourceTree = "<group>"; };
		5DC3AF9628FA014100487FE6 /* SceneDelegate.swift */ = {isa = PBXFileReference; lastKnownFileType = sourcecode.swift; path = SceneDelegate.swift; sourceTree = "<group>"; };
		5DC3AF9828FA014100487FE6 /* ArticlesView.swift */ = {isa = PBXFileReference; lastKnownFileType = sourcecode.swift; path = ArticlesView.swift; sourceTree = "<group>"; };
		5DC3AF9B28FA014100487FE6 /* Base */ = {isa = PBXFileReference; lastKnownFileType = file.storyboard; name = Base; path = Base.lproj/Main.storyboard; sourceTree = "<group>"; };
		5DC3AF9D28FA014300487FE6 /* Assets.xcassets */ = {isa = PBXFileReference; lastKnownFileType = folder.assetcatalog; path = Assets.xcassets; sourceTree = "<group>"; };
		5DC3AFA028FA014300487FE6 /* Base */ = {isa = PBXFileReference; lastKnownFileType = file.storyboard; name = Base; path = Base.lproj/LaunchScreen.storyboard; sourceTree = "<group>"; };
		5DC3AFA228FA014300487FE6 /* Info.plist */ = {isa = PBXFileReference; lastKnownFileType = text.plist.xml; path = Info.plist; sourceTree = "<group>"; };
		5DC3AFA728FA014300487FE6 /* NewsAPITests.xctest */ = {isa = PBXFileReference; explicitFileType = wrapper.cfbundle; includeInIndex = 0; path = NewsAPITests.xctest; sourceTree = BUILT_PRODUCTS_DIR; };
		5DC3AFAB28FA014300487FE6 /* NewsAPITests.swift */ = {isa = PBXFileReference; lastKnownFileType = sourcecode.swift; path = NewsAPITests.swift; sourceTree = "<group>"; };
		5DC3AFB128FA014300487FE6 /* NewsAPIUITests.xctest */ = {isa = PBXFileReference; explicitFileType = wrapper.cfbundle; includeInIndex = 0; path = NewsAPIUITests.xctest; sourceTree = BUILT_PRODUCTS_DIR; };
		5DC3AFB528FA014300487FE6 /* NewsAPIUITests.swift */ = {isa = PBXFileReference; lastKnownFileType = sourcecode.swift; path = NewsAPIUITests.swift; sourceTree = "<group>"; };
		5DC3AFB728FA014300487FE6 /* NewsAPIUITestsLaunchTests.swift */ = {isa = PBXFileReference; lastKnownFileType = sourcecode.swift; path = NewsAPIUITestsLaunchTests.swift; sourceTree = "<group>"; };
		5DC3AFC428FA01CB00487FE6 /* Connector.swift */ = {isa = PBXFileReference; lastKnownFileType = sourcecode.swift; path = Connector.swift; sourceTree = "<group>"; };
		5DC3AFC828FA024D00487FE6 /* Article.swift */ = {isa = PBXFileReference; lastKnownFileType = sourcecode.swift; path = Article.swift; sourceTree = "<group>"; };
		5DC3AFCB28FA075B00487FE6 /* ArticleCell.swift */ = {isa = PBXFileReference; lastKnownFileType = sourcecode.swift; path = ArticleCell.swift; sourceTree = "<group>"; };
		5DC3AFCC28FA075B00487FE6 /* ArticleCell.xib */ = {isa = PBXFileReference; lastKnownFileType = file.xib; path = ArticleCell.xib; sourceTree = "<group>"; };
		5DC3AFD128FA092300487FE6 /* ArticlesView+ViewModel.swift */ = {isa = PBXFileReference; lastKnownFileType = sourcecode.swift; path = "ArticlesView+ViewModel.swift"; sourceTree = "<group>"; };
		7F1EF08CDE70F03ED04B34DD /* Pods-NewsAPITests.release.xcconfig */ = {isa = PBXFileReference; includeInIndex = 1; lastKnownFileType = text.xcconfig; name = "Pods-NewsAPITests.release.xcconfig"; path = "Target Support Files/Pods-NewsAPITests/Pods-NewsAPITests.release.xcconfig"; sourceTree = "<group>"; };
		91A52F73592125A3804DA0F4 /* Pods_NewsAPI.framework */ = {isa = PBXFileReference; explicitFileType = wrapper.framework; includeInIndex = 0; path = Pods_NewsAPI.framework; sourceTree = BUILT_PRODUCTS_DIR; };
		A67FA197BCF01F58BC5E0D70 /* Pods-NewsAPITests.debug.xcconfig */ = {isa = PBXFileReference; includeInIndex = 1; lastKnownFileType = text.xcconfig; name = "Pods-NewsAPITests.debug.xcconfig"; path = "Target Support Files/Pods-NewsAPITests/Pods-NewsAPITests.debug.xcconfig"; sourceTree = "<group>"; };
		A8FA91373192EB1B75EA4FC6 /* Pods-NewsAPI-NewsAPIUITests.debug.xcconfig */ = {isa = PBXFileReference; includeInIndex = 1; lastKnownFileType = text.xcconfig; name = "Pods-NewsAPI-NewsAPIUITests.debug.xcconfig"; path = "Target Support Files/Pods-NewsAPI-NewsAPIUITests/Pods-NewsAPI-NewsAPIUITests.debug.xcconfig"; sourceTree = "<group>"; };
		DCBBAFC3AF812574127C6174 /* Pods_NewsAPITests.framework */ = {isa = PBXFileReference; explicitFileType = wrapper.framework; includeInIndex = 0; path = Pods_NewsAPITests.framework; sourceTree = BUILT_PRODUCTS_DIR; };
		EED9CCAD231FAE6FAA8F6648 /* Pods-NewsAPI.release.xcconfig */ = {isa = PBXFileReference; includeInIndex = 1; lastKnownFileType = text.xcconfig; name = "Pods-NewsAPI.release.xcconfig"; path = "Target Support Files/Pods-NewsAPI/Pods-NewsAPI.release.xcconfig"; sourceTree = "<group>"; };
		FC0DD3711E581E271B836550 /* Pods-NewsAPI-NewsAPIUITests.release.xcconfig */ = {isa = PBXFileReference; includeInIndex = 1; lastKnownFileType = text.xcconfig; name = "Pods-NewsAPI-NewsAPIUITests.release.xcconfig"; path = "Target Support Files/Pods-NewsAPI-NewsAPIUITests/Pods-NewsAPI-NewsAPIUITests.release.xcconfig"; sourceTree = "<group>"; };
/* End PBXFileReference section */

/* Begin PBXFrameworksBuildPhase section */
		5DC3AF8E28FA014100487FE6 /* Frameworks */ = {
			isa = PBXFrameworksBuildPhase;
			buildActionMask = 2147483647;
			files = (
				D47E8F99EA290735327CC55E /* Pods_NewsAPI.framework in Frameworks */,
			);
			runOnlyForDeploymentPostprocessing = 0;
		};
		5DC3AFA428FA014300487FE6 /* Frameworks */ = {
			isa = PBXFrameworksBuildPhase;
			buildActionMask = 2147483647;
			files = (
				B058E078D08A2F7D4B0D032B /* Pods_NewsAPITests.framework in Frameworks */,
			);
			runOnlyForDeploymentPostprocessing = 0;
		};
		5DC3AFAE28FA014300487FE6 /* Frameworks */ = {
			isa = PBXFrameworksBuildPhase;
			buildActionMask = 2147483647;
			files = (
				702F41F4BDBD95CBC7B43C95 /* Pods_NewsAPI_NewsAPIUITests.framework in Frameworks */,
			);
			runOnlyForDeploymentPostprocessing = 0;
		};
/* End PBXFrameworksBuildPhase section */

/* Begin PBXGroup section */
		5AFEA42FBA25346CCBD1ECB8 /* Frameworks */ = {
			isa = PBXGroup;
			children = (
				91A52F73592125A3804DA0F4 /* Pods_NewsAPI.framework */,
				34EA0DB7285E6B51525E1229 /* Pods_NewsAPI_NewsAPIUITests.framework */,
				DCBBAFC3AF812574127C6174 /* Pods_NewsAPITests.framework */,
			);
			name = Frameworks;
			sourceTree = "<group>";
		};
		5DC3AF8828FA014100487FE6 = {
			isa = PBXGroup;
			children = (
				5DC3AF9328FA014100487FE6 /* NewsAPI */,
				5DC3AFAA28FA014300487FE6 /* NewsAPITests */,
				5DC3AFB428FA014300487FE6 /* NewsAPIUITests */,
				5DC3AF9228FA014100487FE6 /* Products */,
				E8A546085DE331F5500BBF30 /* Pods */,
				5AFEA42FBA25346CCBD1ECB8 /* Frameworks */,
			);
			sourceTree = "<group>";
		};
		5DC3AF9228FA014100487FE6 /* Products */ = {
			isa = PBXGroup;
			children = (
				5DC3AF9128FA014100487FE6 /* NewsAPI.app */,
				5DC3AFA728FA014300487FE6 /* NewsAPITests.xctest */,
				5DC3AFB128FA014300487FE6 /* NewsAPIUITests.xctest */,
			);
			name = Products;
			sourceTree = "<group>";
		};
		5DC3AF9328FA014100487FE6 /* NewsAPI */ = {
			isa = PBXGroup;
			children = (
				5DC3AFD028FA090400487FE6 /* Views */,
				5DC3AFCA28FA074300487FE6 /* ViewComponents */,
				5DC3AFC728FA023600487FE6 /* Models */,
				5DC3AFC628FA022000487FE6 /* Utils */,
				5DC3AF9428FA014100487FE6 /* AppDelegate.swift */,
				5DC3AF9628FA014100487FE6 /* SceneDelegate.swift */,
				5DC3AF9D28FA014300487FE6 /* Assets.xcassets */,
				5DC3AF9F28FA014300487FE6 /* LaunchScreen.storyboard */,
				5DC3AFA228FA014300487FE6 /* Info.plist */,
			);
			path = NewsAPI;
			sourceTree = "<group>";
		};
		5DC3AFAA28FA014300487FE6 /* NewsAPITests */ = {
			isa = PBXGroup;
			children = (
				5DC3AFAB28FA014300487FE6 /* NewsAPITests.swift */,
			);
			path = NewsAPITests;
			sourceTree = "<group>";
		};
		5DC3AFB428FA014300487FE6 /* NewsAPIUITests */ = {
			isa = PBXGroup;
			children = (
				5DC3AFB528FA014300487FE6 /* NewsAPIUITests.swift */,
				5DC3AFB728FA014300487FE6 /* NewsAPIUITestsLaunchTests.swift */,
			);
			path = NewsAPIUITests;
			sourceTree = "<group>";
		};
		5DC3AFC628FA022000487FE6 /* Utils */ = {
			isa = PBXGroup;
			children = (
				5DC3AFC428FA01CB00487FE6 /* Connector.swift */,
			);
			path = Utils;
			sourceTree = "<group>";
		};
		5DC3AFC728FA023600487FE6 /* Models */ = {
			isa = PBXGroup;
			children = (
				5DC3AFC828FA024D00487FE6 /* Article.swift */,
			);
			path = Models;
			sourceTree = "<group>";
		};
		5DC3AFCA28FA074300487FE6 /* ViewComponents */ = {
			isa = PBXGroup;
			children = (
				5DC3AFCB28FA075B00487FE6 /* ArticleCell.swift */,
				5DC3AFCC28FA075B00487FE6 /* ArticleCell.xib */,
			);
			path = ViewComponents;
			sourceTree = "<group>";
		};
		5DC3AFD028FA090400487FE6 /* Views */ = {
			isa = PBXGroup;
			children = (
				5DC3AF9A28FA014100487FE6 /* Main.storyboard */,
				5DC3AF9828FA014100487FE6 /* ArticlesView.swift */,
				5DC3AFD128FA092300487FE6 /* ArticlesView+ViewModel.swift */,
			);
			path = Views;
			sourceTree = "<group>";
		};
		E8A546085DE331F5500BBF30 /* Pods */ = {
			isa = PBXGroup;
			children = (
				482C856839AACDC71E8828F0 /* Pods-NewsAPI.debug.xcconfig */,
				EED9CCAD231FAE6FAA8F6648 /* Pods-NewsAPI.release.xcconfig */,
				A8FA91373192EB1B75EA4FC6 /* Pods-NewsAPI-NewsAPIUITests.debug.xcconfig */,
				FC0DD3711E581E271B836550 /* Pods-NewsAPI-NewsAPIUITests.release.xcconfig */,
				A67FA197BCF01F58BC5E0D70 /* Pods-NewsAPITests.debug.xcconfig */,
				7F1EF08CDE70F03ED04B34DD /* Pods-NewsAPITests.release.xcconfig */,
			);
			path = Pods;
			sourceTree = "<group>";
		};
/* End PBXGroup section */

/* Begin PBXNativeTarget section */
		5DC3AF9028FA014100487FE6 /* NewsAPI */ = {
			isa = PBXNativeTarget;
			buildConfigurationList = 5DC3AFBB28FA014300487FE6 /* Build configuration list for PBXNativeTarget "NewsAPI" */;
			buildPhases = (
				C0B706AEC298379D2050E798 /* [CP] Check Pods Manifest.lock */,
				5DC3AF8D28FA014100487FE6 /* Sources */,
				5DC3AF8E28FA014100487FE6 /* Frameworks */,
				5DC3AF8F28FA014100487FE6 /* Resources */,
				A0ABF43F4D1FAF36F7620233 /* [CP] Embed Pods Frameworks */,
			);
			buildRules = (
			);
			dependencies = (
			);
			name = NewsAPI;
			productName = NewsAPI;
			productReference = 5DC3AF9128FA014100487FE6 /* NewsAPI.app */;
			productType = "com.apple.product-type.application";
		};
		5DC3AFA628FA014300487FE6 /* NewsAPITests */ = {
			isa = PBXNativeTarget;
			buildConfigurationList = 5DC3AFBE28FA014300487FE6 /* Build configuration list for PBXNativeTarget "NewsAPITests" */;
			buildPhases = (
				46656A5313E17AE6B3D36E92 /* [CP] Check Pods Manifest.lock */,
				5DC3AFA328FA014300487FE6 /* Sources */,
				5DC3AFA428FA014300487FE6 /* Frameworks */,
				5DC3AFA528FA014300487FE6 /* Resources */,
			);
			buildRules = (
			);
			dependencies = (
				5DC3AFA928FA014300487FE6 /* PBXTargetDependency */,
			);
			name = NewsAPITests;
			productName = NewsAPITests;
			productReference = 5DC3AFA728FA014300487FE6 /* NewsAPITests.xctest */;
			productType = "com.apple.product-type.bundle.unit-test";
		};
		5DC3AFB028FA014300487FE6 /* NewsAPIUITests */ = {
			isa = PBXNativeTarget;
			buildConfigurationList = 5DC3AFC128FA014300487FE6 /* Build configuration list for PBXNativeTarget "NewsAPIUITests" */;
			buildPhases = (
				C7D1DB28EBBCE09AC473B675 /* [CP] Check Pods Manifest.lock */,
				5DC3AFAD28FA014300487FE6 /* Sources */,
				5DC3AFAE28FA014300487FE6 /* Frameworks */,
				5DC3AFAF28FA014300487FE6 /* Resources */,
				9D0FE28B9EB8DE7920E8C2E8 /* [CP] Embed Pods Frameworks */,
			);
			buildRules = (
			);
			dependencies = (
				5DC3AFB328FA014300487FE6 /* PBXTargetDependency */,
			);
			name = NewsAPIUITests;
			productName = NewsAPIUITests;
			productReference = 5DC3AFB128FA014300487FE6 /* NewsAPIUITests.xctest */;
			productType = "com.apple.product-type.bundle.ui-testing";
		};
/* End PBXNativeTarget section */

/* Begin PBXProject section */
		5DC3AF8928FA014100487FE6 /* Project object */ = {
			isa = PBXProject;
			attributes = {
				BuildIndependentTargetsInParallel = 1;
				LastSwiftUpdateCheck = 1400;
				LastUpgradeCheck = 1400;
				TargetAttributes = {
					5DC3AF9028FA014100487FE6 = {
						CreatedOnToolsVersion = 14.0.1;
					};
					5DC3AFA628FA014300487FE6 = {
						CreatedOnToolsVersion = 14.0.1;
						TestTargetID = 5DC3AF9028FA014100487FE6;
					};
					5DC3AFB028FA014300487FE6 = {
						CreatedOnToolsVersion = 14.0.1;
						TestTargetID = 5DC3AF9028FA014100487FE6;
					};
				};
			};
			buildConfigurationList = 5DC3AF8C28FA014100487FE6 /* Build configuration list for PBXProject "NewsAPI" */;
			compatibilityVersion = "Xcode 14.0";
			developmentRegion = en;
			hasScannedForEncodings = 0;
			knownRegions = (
				en,
				Base,
			);
			mainGroup = 5DC3AF8828FA014100487FE6;
			productRefGroup = 5DC3AF9228FA014100487FE6 /* Products */;
			projectDirPath = "";
			projectRoot = "";
			targets = (
				5DC3AF9028FA014100487FE6 /* NewsAPI */,
				5DC3AFA628FA014300487FE6 /* NewsAPITests */,
				5DC3AFB028FA014300487FE6 /* NewsAPIUITests */,
			);
		};
/* End PBXProject section */

/* Begin PBXResourcesBuildPhase section */
		5DC3AF8F28FA014100487FE6 /* Resources */ = {
			isa = PBXResourcesBuildPhase;
			buildActionMask = 2147483647;
			files = (
				5DC3AFCE28FA075B00487FE6 /* ArticleCell.xib in Resources */,
				5DC3AFA128FA014300487FE6 /* LaunchScreen.storyboard in Resources */,
				5DC3AF9E28FA014300487FE6 /* Assets.xcassets in Resources */,
				5DC3AF9C28FA014100487FE6 /* Main.storyboard in Resources */,
			);
			runOnlyForDeploymentPostprocessing = 0;
		};
		5DC3AFA528FA014300487FE6 /* Resources */ = {
			isa = PBXResourcesBuildPhase;
			buildActionMask = 2147483647;
			files = (
			);
			runOnlyForDeploymentPostprocessing = 0;
		};
		5DC3AFAF28FA014300487FE6 /* Resources */ = {
			isa = PBXResourcesBuildPhase;
			buildActionMask = 2147483647;
			files = (
			);
			runOnlyForDeploymentPostprocessing = 0;
		};
/* End PBXResourcesBuildPhase section */

/* Begin PBXShellScriptBuildPhase section */
		46656A5313E17AE6B3D36E92 /* [CP] Check Pods Manifest.lock */ = {
			isa = PBXShellScriptBuildPhase;
			buildActionMask = 2147483647;
			files = (
			);
			inputFileListPaths = (
			);
			inputPaths = (
				"${PODS_PODFILE_DIR_PATH}/Podfile.lock",
				"${PODS_ROOT}/Manifest.lock",
			);
			name = "[CP] Check Pods Manifest.lock";
			outputFileListPaths = (
			);
			outputPaths = (
				"$(DERIVED_FILE_DIR)/Pods-NewsAPITests-checkManifestLockResult.txt",
			);
			runOnlyForDeploymentPostprocessing = 0;
			shellPath = /bin/sh;
			shellScript = "diff \"${PODS_PODFILE_DIR_PATH}/Podfile.lock\" \"${PODS_ROOT}/Manifest.lock\" > /dev/null\nif [ $? != 0 ] ; then\n    # print error to STDERR\n    echo \"error: The sandbox is not in sync with the Podfile.lock. Run 'pod install' or update your CocoaPods installation.\" >&2\n    exit 1\nfi\n# This output is used by Xcode 'outputs' to avoid re-running this script phase.\necho \"SUCCESS\" > \"${SCRIPT_OUTPUT_FILE_0}\"\n";
			showEnvVarsInLog = 0;
		};
		9D0FE28B9EB8DE7920E8C2E8 /* [CP] Embed Pods Frameworks */ = {
			isa = PBXShellScriptBuildPhase;
			buildActionMask = 2147483647;
			files = (
			);
			inputFileListPaths = (
				"${PODS_ROOT}/Target Support Files/Pods-NewsAPI-NewsAPIUITests/Pods-NewsAPI-NewsAPIUITests-frameworks-${CONFIGURATION}-input-files.xcfilelist",
			);
			name = "[CP] Embed Pods Frameworks";
			outputFileListPaths = (
				"${PODS_ROOT}/Target Support Files/Pods-NewsAPI-NewsAPIUITests/Pods-NewsAPI-NewsAPIUITests-frameworks-${CONFIGURATION}-output-files.xcfilelist",
			);
			runOnlyForDeploymentPostprocessing = 0;
			shellPath = /bin/sh;
			shellScript = "\"${PODS_ROOT}/Target Support Files/Pods-NewsAPI-NewsAPIUITests/Pods-NewsAPI-NewsAPIUITests-frameworks.sh\"\n";
			showEnvVarsInLog = 0;
		};
		A0ABF43F4D1FAF36F7620233 /* [CP] Embed Pods Frameworks */ = {
			isa = PBXShellScriptBuildPhase;
			buildActionMask = 2147483647;
			files = (
			);
			inputFileListPaths = (
				"${PODS_ROOT}/Target Support Files/Pods-NewsAPI/Pods-NewsAPI-frameworks-${CONFIGURATION}-input-files.xcfilelist",
			);
			name = "[CP] Embed Pods Frameworks";
			outputFileListPaths = (
				"${PODS_ROOT}/Target Support Files/Pods-NewsAPI/Pods-NewsAPI-frameworks-${CONFIGURATION}-output-files.xcfilelist",
			);
			runOnlyForDeploymentPostprocessing = 0;
			shellPath = /bin/sh;
			shellScript = "\"${PODS_ROOT}/Target Support Files/Pods-NewsAPI/Pods-NewsAPI-frameworks.sh\"\n";
			showEnvVarsInLog = 0;
		};
		C0B706AEC298379D2050E798 /* [CP] Check Pods Manifest.lock */ = {
			isa = PBXShellScriptBuildPhase;
			buildActionMask = 2147483647;
			files = (
			);
			inputFileListPaths = (
			);
			inputPaths = (
				"${PODS_PODFILE_DIR_PATH}/Podfile.lock",
				"${PODS_ROOT}/Manifest.lock",
			);
			name = "[CP] Check Pods Manifest.lock";
			outputFileListPaths = (
			);
			outputPaths = (
				"$(DERIVED_FILE_DIR)/Pods-NewsAPI-checkManifestLockResult.txt",
			);
			runOnlyForDeploymentPostprocessing = 0;
			shellPath = /bin/sh;
			shellScript = "diff \"${PODS_PODFILE_DIR_PATH}/Podfile.lock\" \"${PODS_ROOT}/Manifest.lock\" > /dev/null\nif [ $? != 0 ] ; then\n    # print error to STDERR\n    echo \"error: The sandbox is not in sync with the Podfile.lock. Run 'pod install' or update your CocoaPods installation.\" >&2\n    exit 1\nfi\n# This output is used by Xcode 'outputs' to avoid re-running this script phase.\necho \"SUCCESS\" > \"${SCRIPT_OUTPUT_FILE_0}\"\n";
			showEnvVarsInLog = 0;
		};
		C7D1DB28EBBCE09AC473B675 /* [CP] Check Pods Manifest.lock */ = {
			isa = PBXShellScriptBuildPhase;
			buildActionMask = 2147483647;
			files = (
			);
			inputFileListPaths = (
			);
			inputPaths = (
				"${PODS_PODFILE_DIR_PATH}/Podfile.lock",
				"${PODS_ROOT}/Manifest.lock",
			);
			name = "[CP] Check Pods Manifest.lock";
			outputFileListPaths = (
			);
			outputPaths = (
				"$(DERIVED_FILE_DIR)/Pods-NewsAPI-NewsAPIUITests-checkManifestLockResult.txt",
			);
			runOnlyForDeploymentPostprocessing = 0;
			shellPath = /bin/sh;
			shellScript = "diff \"${PODS_PODFILE_DIR_PATH}/Podfile.lock\" \"${PODS_ROOT}/Manifest.lock\" > /dev/null\nif [ $? != 0 ] ; then\n    # print error to STDERR\n    echo \"error: The sandbox is not in sync with the Podfile.lock. Run 'pod install' or update your CocoaPods installation.\" >&2\n    exit 1\nfi\n# This output is used by Xcode 'outputs' to avoid re-running this script phase.\necho \"SUCCESS\" > \"${SCRIPT_OUTPUT_FILE_0}\"\n";
			showEnvVarsInLog = 0;
		};
/* End PBXShellScriptBuildPhase section */

/* Begin PBXSourcesBuildPhase section */
		5DC3AF8D28FA014100487FE6 /* Sources */ = {
			isa = PBXSourcesBuildPhase;
			buildActionMask = 2147483647;
			files = (
				5DC3AF9928FA014100487FE6 /* ArticlesView.swift in Sources */,
				5DC3AFC528FA01CB00487FE6 /* Connector.swift in Sources */,
				5DC3AFCD28FA075B00487FE6 /* ArticleCell.swift in Sources */,
				5DC3AF9528FA014100487FE6 /* AppDelegate.swift in Sources */,
				5DC3AF9728FA014100487FE6 /* SceneDelegate.swift in Sources */,
				5DC3AFD228FA092300487FE6 /* ArticlesView+ViewModel.swift in Sources */,
				5DC3AFC928FA024D00487FE6 /* Article.swift in Sources */,
			);
			runOnlyForDeploymentPostprocessing = 0;
		};
		5DC3AFA328FA014300487FE6 /* Sources */ = {
			isa = PBXSourcesBuildPhase;
			buildActionMask = 2147483647;
			files = (
				5DC3AFAC28FA014300487FE6 /* NewsAPITests.swift in Sources */,
			);
			runOnlyForDeploymentPostprocessing = 0;
		};
		5DC3AFAD28FA014300487FE6 /* Sources */ = {
			isa = PBXSourcesBuildPhase;
			buildActionMask = 2147483647;
			files = (
				5DC3AFB828FA014300487FE6 /* NewsAPIUITestsLaunchTests.swift in Sources */,
				5DC3AFB628FA014300487FE6 /* NewsAPIUITests.swift in Sources */,
			);
			runOnlyForDeploymentPostprocessing = 0;
		};
/* End PBXSourcesBuildPhase section */

/* Begin PBXTargetDependency section */
		5DC3AFA928FA014300487FE6 /* PBXTargetDependency */ = {
			isa = PBXTargetDependency;
			target = 5DC3AF9028FA014100487FE6 /* NewsAPI */;
			targetProxy = 5DC3AFA828FA014300487FE6 /* PBXContainerItemProxy */;
		};
		5DC3AFB328FA014300487FE6 /* PBXTargetDependency */ = {
			isa = PBXTargetDependency;
			target = 5DC3AF9028FA014100487FE6 /* NewsAPI */;
			targetProxy = 5DC3AFB228FA014300487FE6 /* PBXContainerItemProxy */;
		};
/* End PBXTargetDependency section */

/* Begin PBXVariantGroup section */
		5DC3AF9A28FA014100487FE6 /* Main.storyboard */ = {
			isa = PBXVariantGroup;
			children = (
				5DC3AF9B28FA014100487FE6 /* Base */,
			);
			name = Main.storyboard;
			sourceTree = "<group>";
		};
		5DC3AF9F28FA014300487FE6 /* LaunchScreen.storyboard */ = {
			isa = PBXVariantGroup;
			children = (
				5DC3AFA028FA014300487FE6 /* Base */,
			);
			name = LaunchScreen.storyboard;
			sourceTree = "<group>";
		};
/* End PBXVariantGroup section */

/* Begin XCBuildConfiguration section */
		5DC3AFB928FA014300487FE6 /* Debug */ = {
			isa = XCBuildConfiguration;
			buildSettings = {
				ALWAYS_SEARCH_USER_PATHS = NO;
				CLANG_ANALYZER_NONNULL = YES;
				CLANG_ANALYZER_NUMBER_OBJECT_CONVERSION = YES_AGGRESSIVE;
				CLANG_CXX_LANGUAGE_STANDARD = "gnu++20";
				CLANG_ENABLE_MODULES = YES;
				CLANG_ENABLE_OBJC_ARC = YES;
				CLANG_ENABLE_OBJC_WEAK = YES;
				CLANG_WARN_BLOCK_CAPTURE_AUTORELEASING = YES;
				CLANG_WARN_BOOL_CONVERSION = YES;
				CLANG_WARN_COMMA = YES;
				CLANG_WARN_CONSTANT_CONVERSION = YES;
				CLANG_WARN_DEPRECATED_OBJC_IMPLEMENTATIONS = YES;
				CLANG_WARN_DIRECT_OBJC_ISA_USAGE = YES_ERROR;
				CLANG_WARN_DOCUMENTATION_COMMENTS = YES;
				CLANG_WARN_EMPTY_BODY = YES;
				CLANG_WARN_ENUM_CONVERSION = YES;
				CLANG_WARN_INFINITE_RECURSION = YES;
				CLANG_WARN_INT_CONVERSION = YES;
				CLANG_WARN_NON_LITERAL_NULL_CONVERSION = YES;
				CLANG_WARN_OBJC_IMPLICIT_RETAIN_SELF = YES;
				CLANG_WARN_OBJC_LITERAL_CONVERSION = YES;
				CLANG_WARN_OBJC_ROOT_CLASS = YES_ERROR;
				CLANG_WARN_QUOTED_INCLUDE_IN_FRAMEWORK_HEADER = YES;
				CLANG_WARN_RANGE_LOOP_ANALYSIS = YES;
				CLANG_WARN_STRICT_PROTOTYPES = YES;
				CLANG_WARN_SUSPICIOUS_MOVE = YES;
				CLANG_WARN_UNGUARDED_AVAILABILITY = YES_AGGRESSIVE;
				CLANG_WARN_UNREACHABLE_CODE = YES;
				CLANG_WARN__DUPLICATE_METHOD_MATCH = YES;
				COPY_PHASE_STRIP = NO;
				DEBUG_INFORMATION_FORMAT = dwarf;
				ENABLE_STRICT_OBJC_MSGSEND = YES;
				ENABLE_TESTABILITY = YES;
				GCC_C_LANGUAGE_STANDARD = gnu11;
				GCC_DYNAMIC_NO_PIC = NO;
				GCC_NO_COMMON_BLOCKS = YES;
				GCC_OPTIMIZATION_LEVEL = 0;
				GCC_PREPROCESSOR_DEFINITIONS = (
					"DEBUG=1",
					"$(inherited)",
				);
				GCC_WARN_64_TO_32_BIT_CONVERSION = YES;
				GCC_WARN_ABOUT_RETURN_TYPE = YES_ERROR;
				GCC_WARN_UNDECLARED_SELECTOR = YES;
				GCC_WARN_UNINITIALIZED_AUTOS = YES_AGGRESSIVE;
				GCC_WARN_UNUSED_FUNCTION = YES;
				GCC_WARN_UNUSED_VARIABLE = YES;
				IPHONEOS_DEPLOYMENT_TARGET = 16.0;
				MTL_ENABLE_DEBUG_INFO = INCLUDE_SOURCE;
				MTL_FAST_MATH = YES;
				ONLY_ACTIVE_ARCH = YES;
				SDKROOT = iphoneos;
				SWIFT_ACTIVE_COMPILATION_CONDITIONS = DEBUG;
				SWIFT_OPTIMIZATION_LEVEL = "-Onone";
			};
			name = Debug;
		};
		5DC3AFBA28FA014300487FE6 /* Release */ = {
			isa = XCBuildConfiguration;
			buildSettings = {
				ALWAYS_SEARCH_USER_PATHS = NO;
				CLANG_ANALYZER_NONNULL = YES;
				CLANG_ANALYZER_NUMBER_OBJECT_CONVERSION = YES_AGGRESSIVE;
				CLANG_CXX_LANGUAGE_STANDARD = "gnu++20";
				CLANG_ENABLE_MODULES = YES;
				CLANG_ENABLE_OBJC_ARC = YES;
				CLANG_ENABLE_OBJC_WEAK = YES;
				CLANG_WARN_BLOCK_CAPTURE_AUTORELEASING = YES;
				CLANG_WARN_BOOL_CONVERSION = YES;
				CLANG_WARN_COMMA = YES;
				CLANG_WARN_CONSTANT_CONVERSION = YES;
				CLANG_WARN_DEPRECATED_OBJC_IMPLEMENTATIONS = YES;
				CLANG_WARN_DIRECT_OBJC_ISA_USAGE = YES_ERROR;
				CLANG_WARN_DOCUMENTATION_COMMENTS = YES;
				CLANG_WARN_EMPTY_BODY = YES;
				CLANG_WARN_ENUM_CONVERSION = YES;
				CLANG_WARN_INFINITE_RECURSION = YES;
				CLANG_WARN_INT_CONVERSION = YES;
				CLANG_WARN_NON_LITERAL_NULL_CONVERSION = YES;
				CLANG_WARN_OBJC_IMPLICIT_RETAIN_SELF = YES;
				CLANG_WARN_OBJC_LITERAL_CONVERSION = YES;
				CLANG_WARN_OBJC_ROOT_CLASS = YES_ERROR;
				CLANG_WARN_QUOTED_INCLUDE_IN_FRAMEWORK_HEADER = YES;
				CLANG_WARN_RANGE_LOOP_ANALYSIS = YES;
				CLANG_WARN_STRICT_PROTOTYPES = YES;
				CLANG_WARN_SUSPICIOUS_MOVE = YES;
				CLANG_WARN_UNGUARDED_AVAILABILITY = YES_AGGRESSIVE;
				CLANG_WARN_UNREACHABLE_CODE = YES;
				CLANG_WARN__DUPLICATE_METHOD_MATCH = YES;
				COPY_PHASE_STRIP = NO;
				DEBUG_INFORMATION_FORMAT = "dwarf-with-dsym";
				ENABLE_NS_ASSERTIONS = NO;
				ENABLE_STRICT_OBJC_MSGSEND = YES;
				GCC_C_LANGUAGE_STANDARD = gnu11;
				GCC_NO_COMMON_BLOCKS = YES;
				GCC_WARN_64_TO_32_BIT_CONVERSION = YES;
				GCC_WARN_ABOUT_RETURN_TYPE = YES_ERROR;
				GCC_WARN_UNDECLARED_SELECTOR = YES;
				GCC_WARN_UNINITIALIZED_AUTOS = YES_AGGRESSIVE;
				GCC_WARN_UNUSED_FUNCTION = YES;
				GCC_WARN_UNUSED_VARIABLE = YES;
				IPHONEOS_DEPLOYMENT_TARGET = 16.0;
				MTL_ENABLE_DEBUG_INFO = NO;
				MTL_FAST_MATH = YES;
				SDKROOT = iphoneos;
				SWIFT_COMPILATION_MODE = wholemodule;
				SWIFT_OPTIMIZATION_LEVEL = "-O";
				VALIDATE_PRODUCT = YES;
			};
			name = Release;
		};
		5DC3AFBC28FA014300487FE6 /* Debug */ = {
			isa = XCBuildConfiguration;
			baseConfigurationReference = 482C856839AACDC71E8828F0 /* Pods-NewsAPI.debug.xcconfig */;
			buildSettings = {
				ASSETCATALOG_COMPILER_APPICON_NAME = AppIcon;
				ASSETCATALOG_COMPILER_GLOBAL_ACCENT_COLOR_NAME = AccentColor;
				CODE_SIGN_STYLE = Automatic;
				CURRENT_PROJECT_VERSION = 1;
				DEVELOPMENT_TEAM = JU3T579F3A;
				GENERATE_INFOPLIST_FILE = YES;
				INFOPLIST_FILE = NewsAPI/Info.plist;
				INFOPLIST_KEY_UIApplicationSupportsIndirectInputEvents = YES;
				INFOPLIST_KEY_UILaunchStoryboardName = LaunchScreen;
				INFOPLIST_KEY_UIMainStoryboardFile = Main;
				INFOPLIST_KEY_UISupportedInterfaceOrientations_iPad = "UIInterfaceOrientationPortrait UIInterfaceOrientationPortraitUpsideDown UIInterfaceOrientationLandscapeLeft UIInterfaceOrientationLandscapeRight";
				INFOPLIST_KEY_UISupportedInterfaceOrientations_iPhone = "UIInterfaceOrientationPortrait UIInterfaceOrientationLandscapeLeft UIInterfaceOrientationLandscapeRight";
				LD_RUNPATH_SEARCH_PATHS = (
					"$(inherited)",
					"@executable_path/Frameworks",
				);
				MARKETING_VERSION = 1.0;
				PRODUCT_BUNDLE_IDENTIFIER = com.novack.NewsAPI;
				PRODUCT_NAME = "$(TARGET_NAME)";
				SWIFT_EMIT_LOC_STRINGS = YES;
				SWIFT_VERSION = 5.0;
				TARGETED_DEVICE_FAMILY = "1,2";
			};
			name = Debug;
		};
		5DC3AFBD28FA014300487FE6 /* Release */ = {
			isa = XCBuildConfiguration;
			baseConfigurationReference = EED9CCAD231FAE6FAA8F6648 /* Pods-NewsAPI.release.xcconfig */;
			buildSettings = {
				ASSETCATALOG_COMPILER_APPICON_NAME = AppIcon;
				ASSETCATALOG_COMPILER_GLOBAL_ACCENT_COLOR_NAME = AccentColor;
				CODE_SIGN_STYLE = Automatic;
				CURRENT_PROJECT_VERSION = 1;
				DEVELOPMENT_TEAM = JU3T579F3A;
				GENERATE_INFOPLIST_FILE = YES;
				INFOPLIST_FILE = NewsAPI/Info.plist;
				INFOPLIST_KEY_UIApplicationSupportsIndirectInputEvents = YES;
				INFOPLIST_KEY_UILaunchStoryboardName = LaunchScreen;
				INFOPLIST_KEY_UIMainStoryboardFile = Main;
				INFOPLIST_KEY_UISupportedInterfaceOrientations_iPad = "UIInterfaceOrientationPortrait UIInterfaceOrientationPortraitUpsideDown UIInterfaceOrientationLandscapeLeft UIInterfaceOrientationLandscapeRight";
				INFOPLIST_KEY_UISupportedInterfaceOrientations_iPhone = "UIInterfaceOrientationPortrait UIInterfaceOrientationLandscapeLeft UIInterfaceOrientationLandscapeRight";
				LD_RUNPATH_SEARCH_PATHS = (
					"$(inherited)",
					"@executable_path/Frameworks",
				);
				MARKETING_VERSION = 1.0;
				PRODUCT_BUNDLE_IDENTIFIER = com.novack.NewsAPI;
				PRODUCT_NAME = "$(TARGET_NAME)";
				SWIFT_EMIT_LOC_STRINGS = YES;
				SWIFT_VERSION = 5.0;
				TARGETED_DEVICE_FAMILY = "1,2";
			};
			name = Release;
		};
		5DC3AFBF28FA014300487FE6 /* Debug */ = {
			isa = XCBuildConfiguration;
			baseConfigurationReference = A67FA197BCF01F58BC5E0D70 /* Pods-NewsAPITests.debug.xcconfig */;
			buildSettings = {
				ALWAYS_EMBED_SWIFT_STANDARD_LIBRARIES = YES;
				BUNDLE_LOADER = "$(TEST_HOST)";
				CODE_SIGN_STYLE = Automatic;
				CURRENT_PROJECT_VERSION = 1;
				DEVELOPMENT_TEAM = JU3T579F3A;
				GENERATE_INFOPLIST_FILE = YES;
				IPHONEOS_DEPLOYMENT_TARGET = 16.0;
				MARKETING_VERSION = 1.0;
				PRODUCT_BUNDLE_IDENTIFIER = com.novack.NewsAPITests;
				PRODUCT_NAME = "$(TARGET_NAME)";
				SWIFT_EMIT_LOC_STRINGS = NO;
				SWIFT_VERSION = 5.0;
				TARGETED_DEVICE_FAMILY = "1,2";
				TEST_HOST = "$(BUILT_PRODUCTS_DIR)/NewsAPI.app/$(BUNDLE_EXECUTABLE_FOLDER_PATH)/NewsAPI";
			};
			name = Debug;
		};
		5DC3AFC028FA014300487FE6 /* Release */ = {
			isa = XCBuildConfiguration;
			baseConfigurationReference = 7F1EF08CDE70F03ED04B34DD /* Pods-NewsAPITests.release.xcconfig */;
			buildSettings = {
				ALWAYS_EMBED_SWIFT_STANDARD_LIBRARIES = YES;
				BUNDLE_LOADER = "$(TEST_HOST)";
				CODE_SIGN_STYLE = Automatic;
				CURRENT_PROJECT_VERSION = 1;
				DEVELOPMENT_TEAM = JU3T579F3A;
				GENERATE_INFOPLIST_FILE = YES;
				IPHONEOS_DEPLOYMENT_TARGET = 16.0;
				MARKETING_VERSION = 1.0;
				PRODUCT_BUNDLE_IDENTIFIER = com.novack.NewsAPITests;
				PRODUCT_NAME = "$(TARGET_NAME)";
				SWIFT_EMIT_LOC_STRINGS = NO;
				SWIFT_VERSION = 5.0;
				TARGETED_DEVICE_FAMILY = "1,2";
				TEST_HOST = "$(BUILT_PRODUCTS_DIR)/NewsAPI.app/$(BUNDLE_EXECUTABLE_FOLDER_PATH)/NewsAPI";
			};
			name = Release;
		};
		5DC3AFC228FA014300487FE6 /* Debug */ = {
			isa = XCBuildConfiguration;
			baseConfigurationReference = A8FA91373192EB1B75EA4FC6 /* Pods-NewsAPI-NewsAPIUITests.debug.xcconfig */;
			buildSettings = {
				ALWAYS_EMBED_SWIFT_STANDARD_LIBRARIES = YES;
				CODE_SIGN_STYLE = Automatic;
				CURRENT_PROJECT_VERSION = 1;
				DEVELOPMENT_TEAM = JU3T579F3A;
				GENERATE_INFOPLIST_FILE = YES;
				MARKETING_VERSION = 1.0;
				PRODUCT_BUNDLE_IDENTIFIER = com.novack.NewsAPIUITests;
				PRODUCT_NAME = "$(TARGET_NAME)";
				SWIFT_EMIT_LOC_STRINGS = NO;
				SWIFT_VERSION = 5.0;
				TARGETED_DEVICE_FAMILY = "1,2";
				TEST_TARGET_NAME = NewsAPI;
			};
			name = Debug;
		};
		5DC3AFC328FA014300487FE6 /* Release */ = {
			isa = XCBuildConfiguration;
			baseConfigurationReference = FC0DD3711E581E271B836550 /* Pods-NewsAPI-NewsAPIUITests.release.xcconfig */;
			buildSettings = {
				ALWAYS_EMBED_SWIFT_STANDARD_LIBRARIES = YES;
				CODE_SIGN_STYLE = Automatic;
				CURRENT_PROJECT_VERSION = 1;
				DEVELOPMENT_TEAM = JU3T579F3A;
				GENERATE_INFOPLIST_FILE = YES;
				MARKETING_VERSION = 1.0;
				PRODUCT_BUNDLE_IDENTIFIER = com.novack.NewsAPIUITests;
				PRODUCT_NAME = "$(TARGET_NAME)";
				SWIFT_EMIT_LOC_STRINGS = NO;
				SWIFT_VERSION = 5.0;
				TARGETED_DEVICE_FAMILY = "1,2";
				TEST_TARGET_NAME = NewsAPI;
			};
			name = Release;
		};
/* End XCBuildConfiguration section */

/* Begin XCConfigurationList section */
		5DC3AF8C28FA014100487FE6 /* Build configuration list for PBXProject "NewsAPI" */ = {
			isa = XCConfigurationList;
			buildConfigurations = (
				5DC3AFB928FA014300487FE6 /* Debug */,
				5DC3AFBA28FA014300487FE6 /* Release */,
			);
			defaultConfigurationIsVisible = 0;
			defaultConfigurationName = Release;
		};
		5DC3AFBB28FA014300487FE6 /* Build configuration list for PBXNativeTarget "NewsAPI" */ = {
			isa = XCConfigurationList;
			buildConfigurations = (
				5DC3AFBC28FA014300487FE6 /* Debug */,
				5DC3AFBD28FA014300487FE6 /* Release */,
			);
			defaultConfigurationIsVisible = 0;
			defaultConfigurationName = Release;
		};
		5DC3AFBE28FA014300487FE6 /* Build configuration list for PBXNativeTarget "NewsAPITests" */ = {
			isa = XCConfigurationList;
			buildConfigurations = (
				5DC3AFBF28FA014300487FE6 /* Debug */,
				5DC3AFC028FA014300487FE6 /* Release */,
			);
			defaultConfigurationIsVisible = 0;
			defaultConfigurationName = Release;
		};
		5DC3AFC128FA014300487FE6 /* Build configuration list for PBXNativeTarget "NewsAPIUITests" */ = {
			isa = XCConfigurationList;
			buildConfigurations = (
				5DC3AFC228FA014300487FE6 /* Debug */,
				5DC3AFC328FA014300487FE6 /* Release */,
			);
			defaultConfigurationIsVisible = 0;
			defaultConfigurationName = Release;
		};
/* End XCConfigurationList section */
	};
	rootObject = 5DC3AF8928FA014100487FE6 /* Project object */;
}
