// !$*UTF8*$!
{
	archiveVersion = 1;
	classes = {
	};
	objectVersion = 56;
	objects = {

/* Begin PBXBuildFile section */
		5DC3AF9528FA014100487FE6 /* AppDelegate.swift in Sources */ = {isa = PBXBuildFile; fileRef = 5DC3AF9428FA014100487FE6 /* AppDelegate.swift */; };
		5DC3AF9728FA014100487FE6 /* SceneDelegate.swift in Sources */ = {isa = PBXBuildFile; fileRef = 5DC3AF9628FA014100487FE6 /* SceneDelegate.swift */; };
		5DC3AF9928FA014100487FE6 /* ViewController.swift in Sources */ = {isa = PBXBuildFile; fileRef = 5DC3AF9828FA014100487FE6 /* ViewController.swift */; };
		5DC3AF9C28FA014100487FE6 /* Main.storyboard in Resources */ = {isa = PBXBuildFile; fileRef = 5DC3AF9A28FA014100487FE6 /* Main.storyboard */; };
		5DC3AF9E28FA014300487FE6 /* Assets.xcassets in Resources */ = {isa = PBXBuildFile; fileRef = 5DC3AF9D28FA014300487FE6 /* Assets.xcassets */; };
		5DC3AFA128FA014300487FE6 /* LaunchScreen.storyboard in Resources */ = {isa = PBXBuildFile; fileRef = 5DC3AF9F28FA014300487FE6 /* LaunchScreen.storyboard */; };
		5DC3AFAC28FA014300487FE6 /* NewsAPITests.swift in Sources */ = {isa = PBXBuildFile; fileRef = 5DC3AFAB28FA014300487FE6 /* NewsAPITests.swift */; };
		5DC3AFB628FA014300487FE6 /* NewsAPIUITests.swift in Sources */ = {isa = PBXBuildFile; fileRef = 5DC3AFB528FA014300487FE6 /* NewsAPIUITests.swift */; };
		5DC3AFB828FA014300487FE6 /* NewsAPIUITestsLaunchTests.swift in Sources */ = {isa = PBXBuildFile; fileRef = 5DC3AFB728FA014300487FE6 /* NewsAPIUITestsLaunchTests.swift */; };
/* End PBXBuildFile section */

/* Begin PBXContainerItemProxy section */
		5DC3AFA828FA014300487FE6 /* PBXContainerItemProxy */ = {
			isa = PBXContainerItemProxy;
			containerPortal = 5DC3AF8928FA014100487FE6 /* Project object */;
			proxyType = 1;
			remoteGlobalIDString = 5DC3AF9028FA014100487FE6;
			remoteInfo = NewsAPI;
		};
		5DC3AFB228FA014300487FE6 /* PBXContainerItemProxy */ = {
			isa = PBXContainerItemProxy;
			containerPortal = 5DC3AF8928FA014100487FE6 /* Project object */;
			proxyType = 1;
			remoteGlobalIDString = 5DC3AF9028FA014100487FE6;
			remoteInfo = NewsAPI;
		};
/* End PBXContainerItemProxy section */

/* Begin PBXFileReference section */
		5DC3AF9128FA014100487FE6 /* NewsAPI.app */ = {isa = PBXFileReference; explicitFileType = wrapper.application; includeInIndex = 0; path = NewsAPI.app; sourceTree = BUILT_PRODUCTS_DIR; };
		5DC3AF9428FA014100487FE6 /* AppDelegate.swift */ = {isa = PBXFileReference; lastKnownFileType = sourcecode.swift; path = AppDelegate.swift; sourceTree = "<group>"; };
		5DC3AF9628FA014100487FE6 /* SceneDelegate.swift */ = {isa = PBXFileReference; lastKnownFileType = sourcecode.swift; path = SceneDelegate.swift; sourceTree = "<group>"; };
		5DC3AF9828FA014100487FE6 /* ViewController.swift */ = {isa = PBXFileReference; lastKnownFileType = sourcecode.swift; path = ViewController.swift; sourceTree = "<group>"; };
		5DC3AF9B28FA014100487FE6 /* Base */ = {isa = PBXFileReference; lastKnownFileType = file.storyboard; name = Base; path = Base.lproj/Main.storyboard; sourceTree = "<group>"; };
		5DC3AF9D28FA014300487FE6 /* Assets.xcassets */ = {isa = PBXFileReference; lastKnownFileType = folder.assetcatalog; path = Assets.xcassets; sourceTree = "<group>"; };
		5DC3AFA028FA014300487FE6 /* Base */ = {isa = PBXFileReference; lastKnownFileType = file.storyboard; name = Base; path = Base.lproj/LaunchScreen.storyboard; sourceTree = "<group>"; };
		5DC3AFA228FA014300487FE6 /* Info.plist */ = {isa = PBXFileReference; lastKnownFileType = text.plist.xml; path = Info.plist; sourceTree = "<group>"; };
		5DC3AFA728FA014300487FE6 /* NewsAPITests.xctest */ = {isa = PBXFileReference; explicitFileType = wrapper.cfbundle; includeInIndex = 0; path = NewsAPITests.xctest; sourceTree = BUILT_PRODUCTS_DIR; };
		5DC3AFAB28FA014300487FE6 /* NewsAPITests.swift */ = {isa = PBXFileReference; lastKnownFileType = sourcecode.swift; path = NewsAPITests.swift; sourceTree = "<group>"; };
		5DC3AFB128FA014300487FE6 /* NewsAPIUITests.xctest */ = {isa = PBXFileReference; explicitFileType = wrapper.cfbundle; includeInIndex = 0; path = NewsAPIUITests.xctest; sourceTree = BUILT_PRODUCTS_DIR; };
		5DC3AFB528FA014300487FE6 /* NewsAPIUITests.swift */ = {isa = PBXFileReference; lastKnownFileType = sourcecode.swift; path = NewsAPIUITests.swift; sourceTree = "<group>"; };
		5DC3AFB728FA014300487FE6 /* NewsAPIUITestsLaunchTests.swift */ = {isa = PBXFileReference; lastKnownFileType = sourcecode.swift; path = NewsAPIUITestsLaunchTests.swift; sourceTree = "<group>"; };
/* End PBXFileReference section */

/* Begin PBXFrameworksBuildPhase section */
		5DC3AF8E28FA014100487FE6 /* Frameworks */ = {
			isa = PBXFrameworksBuildPhase;
			buildActionMask = 2147483647;
			files = (
			);
			runOnlyForDeploymentPostprocessing = 0;
		};
		5DC3AFA428FA014300487FE6 /* Frameworks */ = {
			isa = PBXFrameworksBuildPhase;
			buildActionMask = 2147483647;
			files = (
			);
			runOnlyForDeploymentPostprocessing = 0;
		};
		5DC3AFAE28FA014300487FE6 /* Frameworks */ = {
			isa = PBXFrameworksBuildPhase;
			buildActionMask = 2147483647;
			files = (
			);
			runOnlyForDeploymentPostprocessing = 0;
		};
/* End PBXFrameworksBuildPhase section */

/* Begin PBXGroup section */
		5DC3AF8828FA014100487FE6 = {
			isa = PBXGroup;
			children = (
				5DC3AF9328FA014100487FE6 /* NewsAPI */,
				5DC3AFAA28FA014300487FE6 /* NewsAPITests */,
				5DC3AFB428FA014300487FE6 /* NewsAPIUITests */,
				5DC3AF9228FA014100487FE6 /* Products */,
			);
			sourceTree = "<group>";
		};
		5DC3AF9228FA014100487FE6 /* Products */ = {
			isa = PBXGroup;
			children = (
				5DC3AF9128FA014100487FE6 /* NewsAPI.app */,
				5DC3AFA728FA014300487FE6 /* NewsAPITests.xctest */,
				5DC3AFB128FA014300487FE6 /* NewsAPIUITests.xctest */,
			);
			name = Products;
			sourceTree = "<group>";
		};
		5DC3AF9328FA014100487FE6 /* NewsAPI */ = {
			isa = PBXGroup;
			children = (
				5DC3AF9428FA014100487FE6 /* AppDelegate.swift */,
				5DC3AF9628FA014100487FE6 /* SceneDelegate.swift */,
				5DC3AF9828FA014100487FE6 /* ViewController.swift */,
				5DC3AF9A28FA014100487FE6 /* Main.storyboard */,
				5DC3AF9D28FA014300487FE6 /* Assets.xcassets */,
				5DC3AF9F28FA014300487FE6 /* LaunchScreen.storyboard */,
				5DC3AFA228FA014300487FE6 /* Info.plist */,
			);
			path = NewsAPI;
			sourceTree = "<group>";
		};
		5DC3AFAA28FA014300487FE6 /* NewsAPITests */ = {
			isa = PBXGroup;
			children = (
				5DC3AFAB28FA014300487FE6 /* NewsAPITests.swift */,
			);
			path = NewsAPITests;
			sourceTree = "<group>";
		};
		5DC3AFB428FA014300487FE6 /* NewsAPIUITests */ = {
			isa = PBXGroup;
			children = (
				5DC3AFB528FA014300487FE6 /* NewsAPIUITests.swift */,
				5DC3AFB728FA014300487FE6 /* NewsAPIUITestsLaunchTests.swift */,
			);
			path = NewsAPIUITests;
			sourceTree = "<group>";
		};
/* End PBXGroup section */

/* Begin PBXNativeTarget section */
		5DC3AF9028FA014100487FE6 /* NewsAPI */ = {
			isa = PBXNativeTarget;
			buildConfigurationList = 5DC3AFBB28FA014300487FE6 /* Build configuration list for PBXNativeTarget "NewsAPI" */;
			buildPhases = (
				5DC3AF8D28FA014100487FE6 /* Sources */,
				5DC3AF8E28FA014100487FE6 /* Frameworks */,
				5DC3AF8F28FA014100487FE6 /* Resources */,
			);
			buildRules = (
			);
			dependencies = (
			);
			name = NewsAPI;
			productName = NewsAPI;
			productReference = 5DC3AF9128FA014100487FE6 /* NewsAPI.app */;
			productType = "com.apple.product-type.application";
		};
		5DC3AFA628FA014300487FE6 /* NewsAPITests */ = {
			isa = PBXNativeTarget;
			buildConfigurationList = 5DC3AFBE28FA014300487FE6 /* Build configuration list for PBXNativeTarget "NewsAPITests" */;
			buildPhases = (
				5DC3AFA328FA014300487FE6 /* Sources */,
				5DC3AFA428FA014300487FE6 /* Frameworks */,
				5DC3AFA528FA014300487FE6 /* Resources */,
			);
			buildRules = (
			);
			dependencies = (
				5DC3AFA928FA014300487FE6 /* PBXTargetDependency */,
			);
			name = NewsAPITests;
			productName = NewsAPITests;
			productReference = 5DC3AFA728FA014300487FE6 /* NewsAPITests.xctest */;
			productType = "com.apple.product-type.bundle.unit-test";
		};
		5DC3AFB028FA014300487FE6 /* NewsAPIUITests */ = {
			isa = PBXNativeTarget;
			buildConfigurationList = 5DC3AFC128FA014300487FE6 /* Build configuration list for PBXNativeTarget "NewsAPIUITests" */;
			buildPhases = (
				5DC3AFAD28FA014300487FE6 /* Sources */,
				5DC3AFAE28FA014300487FE6 /* Frameworks */,
				5DC3AFAF28FA014300487FE6 /* Resources */,
			);
			buildRules = (
			);
			dependencies = (
				5DC3AFB328FA014300487FE6 /* PBXTargetDependency */,
			);
			name = NewsAPIUITests;
			productName = NewsAPIUITests;
			productReference = 5DC3AFB128FA014300487FE6 /* NewsAPIUITests.xctest */;
			productType = "com.apple.product-type.bundle.ui-testing";
		};
/* End PBXNativeTarget section */

/* Begin PBXProject section */
		5DC3AF8928FA014100487FE6 /* Project object */ = {
			isa = PBXProject;
			attributes = {
				BuildIndependentTargetsInParallel = 1;
				LastSwiftUpdateCheck = 1400;
				LastUpgradeCheck = 1400;
				TargetAttributes = {
					5DC3AF9028FA014100487FE6 = {
						CreatedOnToolsVersion = 14.0.1;
					};
					5DC3AFA628FA014300487FE6 = {
						CreatedOnToolsVersion = 14.0.1;
						TestTargetID = 5DC3AF9028FA014100487FE6;
					};
					5DC3AFB028FA014300487FE6 = {
						CreatedOnToolsVersion = 14.0.1;
						TestTargetID = 5DC3AF9028FA014100487FE6;
					};
				};
			};
			buildConfigurationList = 5DC3AF8C28FA014100487FE6 /* Build configuration list for PBXProject "NewsAPI" */;
			compatibilityVersion = "Xcode 14.0";
			developmentRegion = en;
			hasScannedForEncodings = 0;
			knownRegions = (
				en,
				Base,
			);
			mainGroup = 5DC3AF8828FA014100487FE6;
			productRefGroup = 5DC3AF9228FA014100487FE6 /* Products */;
			projectDirPath = "";
			projectRoot = "";
			targets = (
				5DC3AF9028FA014100487FE6 /* NewsAPI */,
				5DC3AFA628FA014300487FE6 /* NewsAPITests */,
				5DC3AFB028FA014300487FE6 /* NewsAPIUITests */,
			);
		};
/* End PBXProject section */

/* Begin PBXResourcesBuildPhase section */
		5DC3AF8F28FA014100487FE6 /* Resources */ = {
			isa = PBXResourcesBuildPhase;
			buildActionMask = 2147483647;
			files = (
				5DC3AFA128FA014300487FE6 /* LaunchScreen.storyboard in Resources */,
				5DC3AF9E28FA014300487FE6 /* Assets.xcassets in Resources */,
				5DC3AF9C28FA014100487FE6 /* Main.storyboard in Resources */,
			);
			runOnlyForDeploymentPostprocessing = 0;
		};
		5DC3AFA528FA014300487FE6 /* Resources */ = {
			isa = PBXResourcesBuildPhase;
			buildActionMask = 2147483647;
			files = (
			);
			runOnlyForDeploymentPostprocessing = 0;
		};
		5DC3AFAF28FA014300487FE6 /* Resources */ = {
			isa = PBXResourcesBuildPhase;
			buildActionMask = 2147483647;
			files = (
			);
			runOnlyForDeploymentPostprocessing = 0;
		};
/* End PBXResourcesBuildPhase section */

/* Begin PBXSourcesBuildPhase section */
		5DC3AF8D28FA014100487FE6 /* Sources */ = {
			isa = PBXSourcesBuildPhase;
			buildActionMask = 2147483647;
			files = (
				5DC3AF9928FA014100487FE6 /* ViewController.swift in Sources */,
				5DC3AF9528FA014100487FE6 /* AppDelegate.swift in Sources */,
				5DC3AF9728FA014100487FE6 /* SceneDelegate.swift in Sources */,
			);
			runOnlyForDeploymentPostprocessing = 0;
		};
		5DC3AFA328FA014300487FE6 /* Sources */ = {
			isa = PBXSourcesBuildPhase;
			buildActionMask = 2147483647;
			files = (
				5DC3AFAC28FA014300487FE6 /* NewsAPITests.swift in Sources */,
			);
			runOnlyForDeploymentPostprocessing = 0;
		};
		5DC3AFAD28FA014300487FE6 /* Sources */ = {
			isa = PBXSourcesBuildPhase;
			buildActionMask = 2147483647;
			files = (
				5DC3AFB828FA014300487FE6 /* NewsAPIUITestsLaunchTests.swift in Sources */,
				5DC3AFB628FA014300487FE6 /* NewsAPIUITests.swift in Sources */,
			);
			runOnlyForDeploymentPostprocessing = 0;
		};
/* End PBXSourcesBuildPhase section */

/* Begin PBXTargetDependency section */
		5DC3AFA928FA014300487FE6 /* PBXTargetDependency */ = {
			isa = PBXTargetDependency;
			target = 5DC3AF9028FA014100487FE6 /* NewsAPI */;
			targetProxy = 5DC3AFA828FA014300487FE6 /* PBXContainerItemProxy */;
		};
		5DC3AFB328FA014300487FE6 /* PBXTargetDependency */ = {
			isa = PBXTargetDependency;
			target = 5DC3AF9028FA014100487FE6 /* NewsAPI */;
			targetProxy = 5DC3AFB228FA014300487FE6 /* PBXContainerItemProxy */;
		};
/* End PBXTargetDependency section */

/* Begin PBXVariantGroup section */
		5DC3AF9A28FA014100487FE6 /* Main.storyboard */ = {
			isa = PBXVariantGroup;
			children = (
				5DC3AF9B28FA014100487FE6 /* Base */,
			);
			name = Main.storyboard;
			sourceTree = "<group>";
		};
		5DC3AF9F28FA014300487FE6 /* LaunchScreen.storyboard */ = {
			isa = PBXVariantGroup;
			children = (
				5DC3AFA028FA014300487FE6 /* Base */,
			);
			name = LaunchScreen.storyboard;
			sourceTree = "<group>";
		};
/* End PBXVariantGroup section */

/* Begin XCBuildConfiguration section */
		5DC3AFB928FA014300487FE6 /* Debug */ = {
			isa = XCBuildConfiguration;
			buildSettings = {
				ALWAYS_SEARCH_USER_PATHS = NO;
				CLANG_ANALYZER_NONNULL = YES;
				CLANG_ANALYZER_NUMBER_OBJECT_CONVERSION = YES_AGGRESSIVE;
				CLANG_CXX_LANGUAGE_STANDARD = "gnu++20";
				CLANG_ENABLE_MODULES = YES;
				CLANG_ENABLE_OBJC_ARC = YES;
				CLANG_ENABLE_OBJC_WEAK = YES;
				CLANG_WARN_BLOCK_CAPTURE_AUTORELEASING = YES;
				CLANG_WARN_BOOL_CONVERSION = YES;
				CLANG_WARN_COMMA = YES;
				CLANG_WARN_CONSTANT_CONVERSION = YES;
				CLANG_WARN_DEPRECATED_OBJC_IMPLEMENTATIONS = YES;
				CLANG_WARN_DIRECT_OBJC_ISA_USAGE = YES_ERROR;
				CLANG_WARN_DOCUMENTATION_COMMENTS = YES;
				CLANG_WARN_EMPTY_BODY = YES;
				CLANG_WARN_ENUM_CONVERSION = YES;
				CLANG_WARN_INFINITE_RECURSION = YES;
				CLANG_WARN_INT_CONVERSION = YES;
				CLANG_WARN_NON_LITERAL_NULL_CONVERSION = YES;
				CLANG_WARN_OBJC_IMPLICIT_RETAIN_SELF = YES;
				CLANG_WARN_OBJC_LITERAL_CONVERSION = YES;
				CLANG_WARN_OBJC_ROOT_CLASS = YES_ERROR;
				CLANG_WARN_QUOTED_INCLUDE_IN_FRAMEWORK_HEADER = YES;
				CLANG_WARN_RANGE_LOOP_ANALYSIS = YES;
				CLANG_WARN_STRICT_PROTOTYPES = YES;
				CLANG_WARN_SUSPICIOUS_MOVE = YES;
				CLANG_WARN_UNGUARDED_AVAILABILITY = YES_AGGRESSIVE;
				CLANG_WARN_UNREACHABLE_CODE = YES;
				CLANG_WARN__DUPLICATE_METHOD_MATCH = YES;
				COPY_PHASE_STRIP = NO;
				DEBUG_INFORMATION_FORMAT = dwarf;
				ENABLE_STRICT_OBJC_MSGSEND = YES;
				ENABLE_TESTABILITY = YES;
				GCC_C_LANGUAGE_STANDARD = gnu11;
				GCC_DYNAMIC_NO_PIC = NO;
				GCC_NO_COMMON_BLOCKS = YES;
				GCC_OPTIMIZATION_LEVEL = 0;
				GCC_PREPROCESSOR_DEFINITIONS = (
					"DEBUG=1",
					"$(inherited)",
				);
				GCC_WARN_64_TO_32_BIT_CONVERSION = YES;
				GCC_WARN_ABOUT_RETURN_TYPE = YES_ERROR;
				GCC_WARN_UNDECLARED_SELECTOR = YES;
				GCC_WARN_UNINITIALIZED_AUTOS = YES_AGGRESSIVE;
				GCC_WARN_UNUSED_FUNCTION = YES;
				GCC_WARN_UNUSED_VARIABLE = YES;
				IPHONEOS_DEPLOYMENT_TARGET = 16.0;
				MTL_ENABLE_DEBUG_INFO = INCLUDE_SOURCE;
				MTL_FAST_MATH = YES;
				ONLY_ACTIVE_ARCH = YES;
				SDKROOT = iphoneos;
				SWIFT_ACTIVE_COMPILATION_CONDITIONS = DEBUG;
				SWIFT_OPTIMIZATION_LEVEL = "-Onone";
			};
			name = Debug;
		};
		5DC3AFBA28FA014300487FE6 /* Release */ = {
			isa = XCBuildConfiguration;
			buildSettings = {
				ALWAYS_SEARCH_USER_PATHS = NO;
				CLANG_ANALYZER_NONNULL = YES;
				CLANG_ANALYZER_NUMBER_OBJECT_CONVERSION = YES_AGGRESSIVE;
				CLANG_CXX_LANGUAGE_STANDARD = "gnu++20";
				CLANG_ENABLE_MODULES = YES;
				CLANG_ENABLE_OBJC_ARC = YES;
				CLANG_ENABLE_OBJC_WEAK = YES;
				CLANG_WARN_BLOCK_CAPTURE_AUTORELEASING = YES;
				CLANG_WARN_BOOL_CONVERSION = YES;
				CLANG_WARN_COMMA = YES;
				CLANG_WARN_CONSTANT_CONVERSION = YES;
				CLANG_WARN_DEPRECATED_OBJC_IMPLEMENTATIONS = YES;
				CLANG_WARN_DIRECT_OBJC_ISA_USAGE = YES_ERROR;
				CLANG_WARN_DOCUMENTATION_COMMENTS = YES;
				CLANG_WARN_EMPTY_BODY = YES;
				CLANG_WARN_ENUM_CONVERSION = YES;
				CLANG_WARN_INFINITE_RECURSION = YES;
				CLANG_WARN_INT_CONVERSION = YES;
				CLANG_WARN_NON_LITERAL_NULL_CONVERSION = YES;
				CLANG_WARN_OBJC_IMPLICIT_RETAIN_SELF = YES;
				CLANG_WARN_OBJC_LITERAL_CONVERSION = YES;
				CLANG_WARN_OBJC_ROOT_CLASS = YES_ERROR;
				CLANG_WARN_QUOTED_INCLUDE_IN_FRAMEWORK_HEADER = YES;
				CLANG_WARN_RANGE_LOOP_ANALYSIS = YES;
				CLANG_WARN_STRICT_PROTOTYPES = YES;
				CLANG_WARN_SUSPICIOUS_MOVE = YES;
				CLANG_WARN_UNGUARDED_AVAILABILITY = YES_AGGRESSIVE;
				CLANG_WARN_UNREACHABLE_CODE = YES;
				CLANG_WARN__DUPLICATE_METHOD_MATCH = YES;
				COPY_PHASE_STRIP = NO;
				DEBUG_INFORMATION_FORMAT = "dwarf-with-dsym";
				ENABLE_NS_ASSERTIONS = NO;
				ENABLE_STRICT_OBJC_MSGSEND = YES;
				GCC_C_LANGUAGE_STANDARD = gnu11;
				GCC_NO_COMMON_BLOCKS = YES;
				GCC_WARN_64_TO_32_BIT_CONVERSION = YES;
				GCC_WARN_ABOUT_RETURN_TYPE = YES_ERROR;
				GCC_WARN_UNDECLARED_SELECTOR = YES;
				GCC_WARN_UNINITIALIZED_AUTOS = YES_AGGRESSIVE;
				GCC_WARN_UNUSED_FUNCTION = YES;
				GCC_WARN_UNUSED_VARIABLE = YES;
				IPHONEOS_DEPLOYMENT_TARGET = 16.0;
				MTL_ENABLE_DEBUG_INFO = NO;
				MTL_FAST_MATH = YES;
				SDKROOT = iphoneos;
				SWIFT_COMPILATION_MODE = wholemodule;
				SWIFT_OPTIMIZATION_LEVEL = "-O";
				VALIDATE_PRODUCT = YES;
			};
			name = Release;
		};
		5DC3AFBC28FA014300487FE6 /* Debug */ = {
			isa = XCBuildConfiguration;
			buildSettings = {
				ASSETCATALOG_COMPILER_APPICON_NAME = AppIcon;
				ASSETCATALOG_COMPILER_GLOBAL_ACCENT_COLOR_NAME = AccentColor;
				CODE_SIGN_STYLE = Automatic;
				CURRENT_PROJECT_VERSION = 1;
				DEVELOPMENT_TEAM = JU3T579F3A;
				GENERATE_INFOPLIST_FILE = YES;
				INFOPLIST_FILE = NewsAPI/Info.plist;
				INFOPLIST_KEY_UIApplicationSupportsIndirectInputEvents = YES;
				INFOPLIST_KEY_UILaunchStoryboardName = LaunchScreen;
				INFOPLIST_KEY_UIMainStoryboardFile = Main;
				INFOPLIST_KEY_UISupportedInterfaceOrientations_iPad = "UIInterfaceOrientationPortrait UIInterfaceOrientationPortraitUpsideDown UIInterfaceOrientationLandscapeLeft UIInterfaceOrientationLandscapeRight";
				INFOPLIST_KEY_UISupportedInterfaceOrientations_iPhone = "UIInterfaceOrientationPortrait UIInterfaceOrientationLandscapeLeft UIInterfaceOrientationLandscapeRight";
				LD_RUNPATH_SEARCH_PATHS = (
					"$(inherited)",
					"@executable_path/Frameworks",
				);
				MARKETING_VERSION = 1.0;
				PRODUCT_BUNDLE_IDENTIFIER = com.novack.NewsAPI;
				PRODUCT_NAME = "$(TARGET_NAME)";
				SWIFT_EMIT_LOC_STRINGS = YES;
				SWIFT_VERSION = 5.0;
				TARGETED_DEVICE_FAMILY = "1,2";
			};
			name = Debug;
		};
		5DC3AFBD28FA014300487FE6 /* Release */ = {
			isa = XCBuildConfiguration;
			buildSettings = {
				ASSETCATALOG_COMPILER_APPICON_NAME = AppIcon;
				ASSETCATALOG_COMPILER_GLOBAL_ACCENT_COLOR_NAME = AccentColor;
				CODE_SIGN_STYLE = Automatic;
				CURRENT_PROJECT_VERSION = 1;
				DEVELOPMENT_TEAM = JU3T579F3A;
				GENERATE_INFOPLIST_FILE = YES;
				INFOPLIST_FILE = NewsAPI/Info.plist;
				INFOPLIST_KEY_UIApplicationSupportsIndirectInputEvents = YES;
				INFOPLIST_KEY_UILaunchStoryboardName = LaunchScreen;
				INFOPLIST_KEY_UIMainStoryboardFile = Main;
				INFOPLIST_KEY_UISupportedInterfaceOrientations_iPad = "UIInterfaceOrientationPortrait UIInterfaceOrientationPortraitUpsideDown UIInterfaceOrientationLandscapeLeft UIInterfaceOrientationLandscapeRight";
				INFOPLIST_KEY_UISupportedInterfaceOrientations_iPhone = "UIInterfaceOrientationPortrait UIInterfaceOrientationLandscapeLeft UIInterfaceOrientationLandscapeRight";
				LD_RUNPATH_SEARCH_PATHS = (
					"$(inherited)",
					"@executable_path/Frameworks",
				);
				MARKETING_VERSION = 1.0;
				PRODUCT_BUNDLE_IDENTIFIER = com.novack.NewsAPI;
				PRODUCT_NAME = "$(TARGET_NAME)";
				SWIFT_EMIT_LOC_STRINGS = YES;
				SWIFT_VERSION = 5.0;
				TARGETED_DEVICE_FAMILY = "1,2";
			};
			name = Release;
		};
		5DC3AFBF28FA014300487FE6 /* Debug */ = {
			isa = XCBuildConfiguration;
			buildSettings = {
				ALWAYS_EMBED_SWIFT_STANDARD_LIBRARIES = YES;
				BUNDLE_LOADER = "$(TEST_HOST)";
				CODE_SIGN_STYLE = Automatic;
				CURRENT_PROJECT_VERSION = 1;
				DEVELOPMENT_TEAM = JU3T579F3A;
				GENERATE_INFOPLIST_FILE = YES;
				IPHONEOS_DEPLOYMENT_TARGET = 16.0;
				MARKETING_VERSION = 1.0;
				PRODUCT_BUNDLE_IDENTIFIER = com.novack.NewsAPITests;
				PRODUCT_NAME = "$(TARGET_NAME)";
				SWIFT_EMIT_LOC_STRINGS = NO;
				SWIFT_VERSION = 5.0;
				TARGETED_DEVICE_FAMILY = "1,2";
				TEST_HOST = "$(BUILT_PRODUCTS_DIR)/NewsAPI.app/$(BUNDLE_EXECUTABLE_FOLDER_PATH)/NewsAPI";
			};
			name = Debug;
		};
		5DC3AFC028FA014300487FE6 /* Release */ = {
			isa = XCBuildConfiguration;
			buildSettings = {
				ALWAYS_EMBED_SWIFT_STANDARD_LIBRARIES = YES;
				BUNDLE_LOADER = "$(TEST_HOST)";
				CODE_SIGN_STYLE = Automatic;
				CURRENT_PROJECT_VERSION = 1;
				DEVELOPMENT_TEAM = JU3T579F3A;
				GENERATE_INFOPLIST_FILE = YES;
				IPHONEOS_DEPLOYMENT_TARGET = 16.0;
				MARKETING_VERSION = 1.0;
				PRODUCT_BUNDLE_IDENTIFIER = com.novack.NewsAPITests;
				PRODUCT_NAME = "$(TARGET_NAME)";
				SWIFT_EMIT_LOC_STRINGS = NO;
				SWIFT_VERSION = 5.0;
				TARGETED_DEVICE_FAMILY = "1,2";
				TEST_HOST = "$(BUILT_PRODUCTS_DIR)/NewsAPI.app/$(BUNDLE_EXECUTABLE_FOLDER_PATH)/NewsAPI";
			};
			name = Release;
		};
		5DC3AFC228FA014300487FE6 /* Debug */ = {
			isa = XCBuildConfiguration;
			buildSettings = {
				ALWAYS_EMBED_SWIFT_STANDARD_LIBRARIES = YES;
				CODE_SIGN_STYLE = Automatic;
				CURRENT_PROJECT_VERSION = 1;
				DEVELOPMENT_TEAM = JU3T579F3A;
				GENERATE_INFOPLIST_FILE = YES;
				MARKETING_VERSION = 1.0;
				PRODUCT_BUNDLE_IDENTIFIER = com.novack.NewsAPIUITests;
				PRODUCT_NAME = "$(TARGET_NAME)";
				SWIFT_EMIT_LOC_STRINGS = NO;
				SWIFT_VERSION = 5.0;
				TARGETED_DEVICE_FAMILY = "1,2";
				TEST_TARGET_NAME = NewsAPI;
			};
			name = Debug;
		};
		5DC3AFC328FA014300487FE6 /* Release */ = {
			isa = XCBuildConfiguration;
			buildSettings = {
				ALWAYS_EMBED_SWIFT_STANDARD_LIBRARIES = YES;
				CODE_SIGN_STYLE = Automatic;
				CURRENT_PROJECT_VERSION = 1;
				DEVELOPMENT_TEAM = JU3T579F3A;
				GENERATE_INFOPLIST_FILE = YES;
				MARKETING_VERSION = 1.0;
				PRODUCT_BUNDLE_IDENTIFIER = com.novack.NewsAPIUITests;
				PRODUCT_NAME = "$(TARGET_NAME)";
				SWIFT_EMIT_LOC_STRINGS = NO;
				SWIFT_VERSION = 5.0;
				TARGETED_DEVICE_FAMILY = "1,2";
				TEST_TARGET_NAME = NewsAPI;
			};
			name = Release;
		};
/* End XCBuildConfiguration section */

/* Begin XCConfigurationList section */
		5DC3AF8C28FA014100487FE6 /* Build configuration list for PBXProject "NewsAPI" */ = {
			isa = XCConfigurationList;
			buildConfigurations = (
				5DC3AFB928FA014300487FE6 /* Debug */,
				5DC3AFBA28FA014300487FE6 /* Release */,
			);
			defaultConfigurationIsVisible = 0;
			defaultConfigurationName = Release;
		};
		5DC3AFBB28FA014300487FE6 /* Build configuration list for PBXNativeTarget "NewsAPI" */ = {
			isa = XCConfigurationList;
			buildConfigurations = (
				5DC3AFBC28FA014300487FE6 /* Debug */,
				5DC3AFBD28FA014300487FE6 /* Release */,
			);
			defaultConfigurationIsVisible = 0;
			defaultConfigurationName = Release;
		};
		5DC3AFBE28FA014300487FE6 /* Build configuration list for PBXNativeTarget "NewsAPITests" */ = {
			isa = XCConfigurationList;
			buildConfigurations = (
				5DC3AFBF28FA014300487FE6 /* Debug */,
				5DC3AFC028FA014300487FE6 /* Release */,
			);
			defaultConfigurationIsVisible = 0;
			defaultConfigurationName = Release;
		};
		5DC3AFC128FA014300487FE6 /* Build configuration list for PBXNativeTarget "NewsAPIUITests" */ = {
			isa = XCConfigurationList;
			buildConfigurations = (
				5DC3AFC228FA014300487FE6 /* Debug */,
				5DC3AFC328FA014300487FE6 /* Release */,
			);
			defaultConfigurationIsVisible = 0;
			defaultConfigurationName = Release;
		};
/* End XCConfigurationList section */
	};
	rootObject = 5DC3AF8928FA014100487FE6 /* Project object */;
}
